github.com/DATA-DOG/go-sqlmock v1.5.0 h1:Shsta01QNfFxHCfpW6YH2STWB0MudeXXEWMr20OEh60=
github.com/DATA-DOG/go-sqlmock v1.5.0/go.mod h1:f/Ixk793poVmq4qj/V1dPUg2JEAKC73Q5eFN3EC/SaM=
github.com/GuiaBolso/darwin v0.0.0-20191218124601-fd6d2aa3d244 h1:dqzm54OhCqY8RinR/cx+Ppb0y56Ds5I3wwWhx4XybDg=
github.com/GuiaBolso/darwin v0.0.0-20191218124601-fd6d2aa3d244/go.mod h1:3sqgkckuISJ5rs1EpOp6vCvwOUKe/z9vPmyuIlq8Q/A=
github.com/creack/pty v1.1.9/go.mod h1:oKZEueFk5CKHvIhNR5MUki03XCEU+Q6VDXinZuGJ33E=
github.com/cznic/b v0.0.0-20180115125044-35e9bbe41f07 h1:UHFGPvSxX4C4YBApSPvmUfL8tTvWLj2ryqvT9K4Jcuk=
github.com/cznic/b v0.0.0-20180115125044-35e9bbe41f07/go.mod h1:URriBxXwVq5ijiJ12C7iIZqlA69nTlI+LgI6/pwftG8=
github.com/cznic/fileutil v0.0.0-20180108211300-6a051e75936f h1:7uSNgsgcarNk4oiN/nNkO0J7KAjlsF5Yv5Gf/tFdHas=
github.com/cznic/fileutil v0.0.0-20180108211300-6a051e75936f/go.mod h1:8S58EK26zhXSxzv7NQFpnliaOQsmDUxvoQO3rt154Vg=
github.com/cznic/golex v0.0.0-20170803123110-4ab7c5e190e4 h1:CVAqftqbj+exlab+8KJQrE+kNIVlQfJt58j4GxCMF1s=
github.com/cznic/golex v0.0.0-20170803123110-4ab7c5e190e4/go.mod h1:+bmmJDNmKlhWNG+gwWCkaBoTy39Fs+bzRxVBzoTQbIc=
github.com/cznic/internal v0.0.0-20180608152220-f44710a21d00 h1:FHpbUtp2K8X53/b4aFNj4my5n+i3x+CQCZWNuHWH/+E=
github.com/cznic/internal v0.0.0-20180608152220-f44710a21d00/go.mod h1:olo7eAdKwJdXxb55TKGLiJ6xt1H0/tiiRCWKVLmtjY4=
github.com/cznic/lldb v1.1.0 h1:AIA+ham6TSJ+XkMe8imQ/g8KPzMUVWAwqUQQdtuMsHs=
github.com/cznic/lldb v1.1.0/go.mod h1:FIZVUmYUVhPwRiPzL8nD/mpFcJ/G7SSXjjXYG4uRI3A=
github.com/cznic/mathutil v0.0.0-20180504122225-ca4c9f2c1369 h1:XNT/Zf5l++1Pyg08/HV04ppB0gKxAqtZQBRYiYrUuYk=
github.com/cznic/mathutil v0.0.0-20180504122225-ca4c9f2c1369/go.mod h1:e6NPNENfs9mPDVNRekM7lKScauxd5kXTr1Mfyig6TDM=
github.com/cznic/ql v1.2.0 h1:lcKp95ZtdF0XkWhGnVIXGF8dVD2X+ClS08tglKtf+ak=
github.com/cznic/ql v1.2.0/go.mod h1:FbpzhyZrqr0PVlK6ury+PoW3T0ODUV22OeWIxcaOrSE=
github.com/cznic/sortutil v0.0.0-20150617083342-4c7342852e65 h1:hxuZop6tSoOi0sxFzoGGYdRqNrPubyaIf9KoBG9tPiE=
github.com/cznic/sortutil v0.0.0-20150617083342-4c7342852e65/go.mod h1:q2w6Bg5jeox1B+QkJ6Wp/+Vn0G/bo3f1uY7Fn3vivIQ=
github.com/cznic/strutil v0.0.0-20171016134553-529a34b1c186 h1:0rkFMAbn5KBKNpJyHQ6Prb95vIKanmAe62KxsrN+sqA=
github.com/cznic/strutil v0.0.0-20171016134553-529a34b1c186/go.mod h1:AHHPPPXTw0h6pVabbcbyGRK1DckRn7r/STdZEeIDzZc=
github.com/cznic/zappy v0.0.0-20160723133515-2533cb5b45cc h1:YKKpTb2BrXN2GYyGaygIdis1vXbE7SSAG9axGWIMClg=
github.com/cznic/zappy v0.0.0-20160723133515-2533cb5b45cc/go.mod h1:Y1SNZ4dRUOKXshKUbwUapqNncRrho4mkjQebgEHZLj8=
github.com/davecgh/go-spew v1.1.0/go.mod h1:J7Y8YcW2NihsgmVo/mv3lAwl/skON4iLHjSsI+c5H38=
github.com/davecgh/go-spew v1.1.1 h1:vj9j/u1bqnvCEfJOwUhtlOARqs3+rkHYY13jYWTU97c=
github.com/davecgh/go-spew v1.1.1/go.mod h1:J7Y8YcW2NihsgmVo/mv3lAwl/skON4iLHjSsI+c5H38=
github.com/edsrzf/mmap-go v0.0.0-20170320065105-0bce6a688712 h1:aaQcKT9WumO6JEJcRyTqFVq4XUZiUcKR2/GI31TOcz8=
github.com/edsrzf/mmap-go v0.0.0-20170320065105-0bce6a688712/go.mod h1:YO35OhQPt3KJa3ryjFM5Bs14WD66h8eGKpfaBNrHW5M=
github.com/gabriel-vasile/mimetype v1.4.2 h1:w5qFW6JKBz9Y393Y4q372O9A7cUSequkh1Q7OhCmWKU=
github.com/gabriel-vasile/mimetype v1.4.2/go.mod h1:zApsH/mKG4w07erKIaJPFiX0Tsq9BFQgN3qGY5GnNgA=
github.com/go-playground/locales v0.14.1 h1:EWaQ/wswjilfKLTECiXz7Rh+3BjFhfDFKv/oXslEjJA=
github.com/go-playground/locales v0.14.1/go.mod h1:hxrqLVvrK65+Rwrd5Fc6F2O76J/NuW9t0sjnWqG1slY=
github.com/go-playground/universal-translator v0.18.1 h1:Bcnm0ZwsGyWbCzImXv+pAJnYK9S473LQFuzCbDbfSFY=
github.com/go-playground/universal-translator v0.18.1/go.mod h1:xekY+UJKNuX9WP91TpwSH2VMlDf28Uj24BCp08ZFTUY=
github.com/go-playground/validator/v10 v10.14.1 h1:9c50NUPC30zyuKprjL3vNZ0m5oG+jU0zvx4AqHGnv4k=
github.com/go-playground/validator/v10 v10.14.1/go.mod h1:9iXMNT7sEkjXb0I+enO7QXmzG6QCsPWY4zveKFVRSyU=
github.com/golang/snappy v0.0.0-20180518054509-2e65f85255db/go.mod h1:/XxbfmMg8lxefKM7IXC3fBNl/7bRcc72aCRzEWrmP2Q=
github.com/google/uuid v1.3.0 h1:t6JiXgmwXMjEs8VusXIJk2BXHsn+wx8BZdTaoZ5fu7I=
github.com/google/uuid v1.3.0/go.mod h1:TIyPZe4MgqvfeYDBFedMoGGpEw/LqOeaOT+nhxU+yHo=
github.com/gorilla/mux v1.8.0 h1:i40aqfkR1h2SlN9hojwV5ZA91wcXFOvkdNIeFDP5koI=
github.com/gorilla/mux v1.8.0/go.mod h1:DVbg23sWSpFRCP0SfiEN6jmj59UnW/n46BH5rLB71So=
github.com/joho/godotenv v1.3.0 h1:Zjp+RcGpHhGlrMbJzXTrZZPrWj+1vfm90La1wgB6Bhc=
github.com/joho/godotenv v1.3.0/go.mod h1:7hK45KPybAkOC6peb+G5yklZfMxEjkZhHbwpqxOKXbg=
github.com/kr/pretty v0.2.1/go.mod h1:ipq/a2n7PKx3OHsz4KJII5eveXtPO4qwEXGdVfWzfnI=
github.com/kr/pretty v0.3.1 h1:flRD4NNwYAUpkphVc1HcthR4KEIFJ65n8Mw5qdRn3LE=
github.com/kr/pretty v0.3.1/go.mod h1:hoEshYVHaxMs3cyo3Yncou5ZscifuDolrwPKZanG3xk=
github.com/kr/pty v1.1.1/go.mod h1:pFQYn66WHrOpPYNljwOMqo10TkYh1fy3cYio2l3bCsQ=
github.com/kr/text v0.1.0/go.mod h1:4Jbv+DJW3UT/LiOwJeYQe1efqtUx/iVham/4vfdArNI=
github.com/kr/text v0.2.0 h1:5Nx0Ya0ZqY2ygV366QzturHI13Jq95ApcVaJBhpS+AY=
github.com/kr/text v0.2.0/go.mod h1:eLer722TekiGuMkidMxC/pM04lWEeraHUUmBw8l2grE=
github.com/leodido/go-urn v1.2.4 h1:XlAE/cm/ms7TE/VMVoduSpNBoyc2dOxHs5MZSwAN63Q=
github.com/leodido/go-urn v1.2.4/go.mod h1:7ZrI8mTSeBSHl/UaRyKQW1qZeMgak41ANeCNaVckg+4=
github.com/lib/pq v1.10.9 h1:YXG7RB+JIjhP29X+OtkiDnYaXQwpS4JEWq7dtCCRUEw=
github.com/lib/pq v1.10.9/go.mod h1:AlVN5x4E4T544tWzH6hKfbfQvm3HdbOxrmggDNAPY9o=
github.com/pkg/diff v0.0.0-20210226163009-20ebb0f2a09e/go.mod h1:pJLUxLENpZxwdsKMEsNbx1VGcRFpLqf3715MtcvvzbA=
github.com/pmezard/go-difflib v1.0.0 h1:4DBwDE0NGyQoBHbLQYPwSUPoCMWR5BEzIk/f1lZbAQM=
github.com/pmezard/go-difflib v1.0.0/go.mod h1:iKH77koFhYxTK1pcRnkKkqfTogsbg7gZNVY4sRDYZ/4=
github.com/rogpeppe/go-internal v1.9.0/go.mod h1:WtVeX8xhTBvf0smdhujwtBcq4Qrzq/fJaraNFVN+nFs=
github.com/rogpeppe/go-internal v1.10.0 h1:TMyTOH3F/DB16zRVcYyreMH6GnZZrwQVAoYjRBZyWFQ=
github.com/rogpeppe/go-internal v1.10.0/go.mod h1:UQnix2H7Ngw/k4C5ijL5+65zddjncjaFoBhdsK/akog=
github.com/stretchr/objx v0.1.0/go.mod h1:HFkY916IF+rwdDfMAkV7OtwuqBVzrE8GR6GFx+wExME=
github.com/stretchr/objx v0.4.0/go.mod h1:YvHI0jy2hoMjB+UWwv71VJQ9isScKT/TqJzVSSt89Yw=
github.com/stretchr/objx v0.5.0/go.mod h1:Yh+to48EsGEfYuaHDzXPcE3xhTkx73EhmCGUpEOglKo=
github.com/stretchr/testify v1.7.1/go.mod h1:6Fq8oRcR53rry900zMqJjRRixrwX3KX962/h/Wwjteg=
github.com/stretchr/testify v1.8.0/go.mod h1:yNjHg4UonilssWZ8iaSj1OCr/vHnekPRkoO+kdMU+MU=
github.com/stretchr/testify v1.8.2/go.mod h1:w2LPCIKwWwSfY2zedu0+kehJoqGctiVI29o6fzry7u4=
github.com/stretchr/testify v1.8.4 h1:CcVxjf3Q8PM0mHUKJCdn+eZZtm5yQwehR5yeSVQQcUk=
github.com/stretchr/testify v1.8.4/go.mod h1:sz/lmYIOXD/1dqDmKjjqLyZ2RngseejIcXlSw2iwfAo=
golang.org/x/crypto v0.9.0 h1:LF6fAI+IutBocDJ2OT0Q1g8plpYljMZ4+lty+dsqw3g=
golang.org/x/crypto v0.9.0/go.mod h1:yrmDGqONDYtNj3tH8X9dzUun2m2lzPa9ngI6/RUPGR0=
golang.org/x/net v0.10.0 h1:X2//UzNDwYmtCLn7To6G58Wr6f5ahEAQgKNzv9Y951M=
golang.org/x/net v0.10.0/go.mod h1:0qNGK6F8kojg2nk9dLZ2mShWaEBan6FAoqfSigmmuDg=
golang.org/x/sys v0.8.0 h1:EBmGv8NaZBZTWvrbjNoL6HVt+IVy3QDQpJs7VRIw3tU=
golang.org/x/sys v0.8.0/go.mod h1:oPkhp1MJrh7nUepCBck5+mAzfO9JrbApNNgaTdGDITg=
golang.org/x/text v0.9.0 h1:2sjJmO8cDvYveuX97RDLsxlyUxLl+GHoLxBiRdHllBE=
golang.org/x/text v0.9.0/go.mod h1:e1OnstbJyHTd6l/uOt8jFFHp6TRDWZR/bV3emEE/zU8=
gopkg.in/check.v1 v0.0.0-20161208181325-20d25e280405/go.mod h1:Co6ibVJAznAaIkqp8huTwlJQCZ016jof/cbN4VW5Yz0=
gopkg.in/check.v1 v1.0.0-20201130134442-10cb98267c6c h1:Hei/4ADfdWqJk1ZMxUNpqntNwaWcugrBjAiHlqqRiVk=
gopkg.in/check.v1 v1.0.0-20201130134442-10cb98267c6c/go.mod h1:JHkPIbrfpd72SG/EVd6muEfDQjcINNoR0C8j2r3qZ4Q=
gopkg.in/yaml.v3 v3.0.0-20200313102051-9f266ea9e77c/go.mod h1:K4uyk7z7BCEPqu6E+C64Yfv1cQ7kz7rIZviUmN+EgEM=
gopkg.in/yaml.v3 v3.0.1 h1:fxVm/GzAzEWqLHuvctI91KS9hhNmmWOoWu0XTYJS7CA=
gopkg.in/yaml.v3 v3.0.1/go.mod h1:K4uyk7z7BCEPqu6E+C64Yfv1cQ7kz7rIZviUmN+EgEM=
